
Microsoft Visual Studio Solution File, Format Version 12.00
# Visual Studio Version 16
VisualStudioVersion = 16.0.30621.155
MinimumVisualStudioVersion = 10.0.40219.1
Project("{FAE04EC0-301F-11D3-BF4B-00C04F79EFBC}") = "hideNseek", "hideNseek\hideNseek.csproj", "{710AAE06-053C-49E9-A492-B1E19739194B}"
EndProject
Global
	GlobalSection(SolutionConfigurationPlatforms) = preSolution
		Debug|ARM64 = Debug|ARM64
		Debug|x64 = Debug|x64
		Release|ARM64 = Release|ARM64
		Release|x64 = Release|x64
	EndGlobalSection
	GlobalSection(ProjectConfigurationPlatforms) = postSolution
		{710AAE06-053C-49E9-A492-B1E19739194B}.Debug|ARM64.ActiveCfg = Debug|ARM64
		{710AAE06-053C-49E9-A492-B1E19739194B}.Debug|ARM64.Build.0 = Debug|ARM64
		{710AAE06-053C-49E9-A492-B1E19739194B}.Debug|ARM64.Deploy.0 = Debug|ARM64
		{710AAE06-053C-49E9-A492-B1E19739194B}.Debug|x64.ActiveCfg = Debug|x64
		{710AAE06-053C-49E9-A492-B1E19739194B}.Debug|x64.Build.0 = Debug|x64
		{710AAE06-053C-49E9-A492-B1E19739194B}.Debug|x64.Deploy.0 = Debug|x64
		{710AAE06-053C-49E9-A492-B1E19739194B}.Release|ARM64.ActiveCfg = Release|ARM64
		{710AAE06-053C-49E9-A492-B1E19739194B}.Release|ARM64.Build.0 = Release|ARM64
		{710AAE06-053C-49E9-A492-B1E19739194B}.Release|ARM64.Deploy.0 = Release|ARM64
		{710AAE06-053C-49E9-A492-B1E19739194B}.Release|x64.ActiveCfg = Release|x64
		{710AAE06-053C-49E9-A492-B1E19739194B}.Release|x64.Build.0 = Release|x64
		{710AAE06-053C-49E9-A492-B1E19739194B}.Release|x64.Deploy.0 = Release|x64
	EndGlobalSection
	GlobalSection(SolutionProperties) = preSolution
		HideSolutionNode = FALSE
	EndGlobalSection
	GlobalSection(ExtensibilityGlobals) = postSolution
		SolutionGuid = {0BA6F520-8CF2-4F41-964F-BC7569EA6F2E}
	EndGlobalSection
EndGlobal
